
Microsoft Visual Studio Solution File, Format Version 12.00
# Visual Studio Version 17
VisualStudioVersion = 17.2.32519.379
MinimumVisualStudioVersion = 10.0.40219.1
Project("{FAE04EC0-301F-11D3-BF4B-00C04F79EFBC}") = "GPACalculator", "GPACalculator\GPACalculator.csproj", "{D9641504-BF5D-4D61-9349-D86D7F32E338}"
EndProject
Global
	GlobalSection(SolutionConfigurationPlatforms) = preSolution
		Debug|Any CPU = Debug|Any CPU
		Release|Any CPU = Release|Any CPU
	EndGlobalSection
	GlobalSection(ProjectConfigurationPlatforms) = postSolution
		{D9641504-BF5D-4D61-9349-D86D7F32E338}.Debug|Any CPU.ActiveCfg = Debug|Any CPU
		{D9641504-BF5D-4D61-9349-D86D7F32E338}.Debug|Any CPU.Build.0 = Debug|Any CPU
		{D9641504-BF5D-4D61-9349-D86D7F32E338}.Release|Any CPU.ActiveCfg = Release|Any CPU
		{D9641504-BF5D-4D61-9349-D86D7F32E338}.Release|Any CPU.Build.0 = Release|Any CPU
	EndGlobalSection
	GlobalSection(SolutionProperties) = preSolution
		HideSolutionNode = FALSE
	EndGlobalSection
	GlobalSection(ExtensibilityGlobals) = postSolution
		SolutionGuid = {77BB3840-2608-40EE-97CC-DBAD588192CE}
	EndGlobalSection
EndGlobal
